
Microsoft Visual Studio Solution File, Format Version 12.00
# Visual Studio Version 17
VisualStudioVersion = 17.0.31903.59
MinimumVisualStudioVersion = 10.0.40219.1
Project("{FAE04EC0-301F-11D3-BF4B-00C04F79EFBC}") = "API", "API\API.csproj", "{7E93B8C4-48B0-4C50-BD18-AEB2DE6E1FC9}"
EndProject
Project("{FAE04EC0-301F-11D3-BF4B-00C04F79EFBC}") = "Application", "Application\Application.csproj", "{0BBFD617-9757-4EBD-A8CD-B5B7A797295B}"
EndProject
Project("{FAE04EC0-301F-11D3-BF4B-00C04F79EFBC}") = "Domain", "Domain\Domain.csproj", "{B7D0FD60-08F9-4AD9-B739-9CFDD71CE824}"
EndProject
Project("{FAE04EC0-301F-11D3-BF4B-00C04F79EFBC}") = "Persistence", "Persistence\Persistence.csproj", "{2B4FBFF8-1E8A-4A5F-AEDE-8B5648C209CE}"
EndProject
Global
	GlobalSection(SolutionConfigurationPlatforms) = preSolution
		Debug|Any CPU = Debug|Any CPU
		Release|Any CPU = Release|Any CPU
	EndGlobalSection
	GlobalSection(SolutionProperties) = preSolution
		HideSolutionNode = FALSE
	EndGlobalSection
	GlobalSection(ProjectConfigurationPlatforms) = postSolution
		{7E93B8C4-48B0-4C50-BD18-AEB2DE6E1FC9}.Debug|Any CPU.ActiveCfg = Debug|Any CPU
		{7E93B8C4-48B0-4C50-BD18-AEB2DE6E1FC9}.Debug|Any CPU.Build.0 = Debug|Any CPU
		{7E93B8C4-48B0-4C50-BD18-AEB2DE6E1FC9}.Release|Any CPU.ActiveCfg = Release|Any CPU
		{7E93B8C4-48B0-4C50-BD18-AEB2DE6E1FC9}.Release|Any CPU.Build.0 = Release|Any CPU
		{0BBFD617-9757-4EBD-A8CD-B5B7A797295B}.Debug|Any CPU.ActiveCfg = Debug|Any CPU
		{0BBFD617-9757-4EBD-A8CD-B5B7A797295B}.Debug|Any CPU.Build.0 = Debug|Any CPU
		{0BBFD617-9757-4EBD-A8CD-B5B7A797295B}.Release|Any CPU.ActiveCfg = Release|Any CPU
		{0BBFD617-9757-4EBD-A8CD-B5B7A797295B}.Release|Any CPU.Build.0 = Release|Any CPU
		{B7D0FD60-08F9-4AD9-B739-9CFDD71CE824}.Debug|Any CPU.ActiveCfg = Debug|Any CPU
		{B7D0FD60-08F9-4AD9-B739-9CFDD71CE824}.Debug|Any CPU.Build.0 = Debug|Any CPU
		{B7D0FD60-08F9-4AD9-B739-9CFDD71CE824}.Release|Any CPU.ActiveCfg = Release|Any CPU
		{B7D0FD60-08F9-4AD9-B739-9CFDD71CE824}.Release|Any CPU.Build.0 = Release|Any CPU
		{2B4FBFF8-1E8A-4A5F-AEDE-8B5648C209CE}.Debug|Any CPU.ActiveCfg = Debug|Any CPU
		{2B4FBFF8-1E8A-4A5F-AEDE-8B5648C209CE}.Debug|Any CPU.Build.0 = Debug|Any CPU
		{2B4FBFF8-1E8A-4A5F-AEDE-8B5648C209CE}.Release|Any CPU.ActiveCfg = Release|Any CPU
		{2B4FBFF8-1E8A-4A5F-AEDE-8B5648C209CE}.Release|Any CPU.Build.0 = Release|Any CPU
	EndGlobalSection
EndGlobal
